
Microsoft Visual Studio Solution File, Format Version 12.00
# Visual Studio Version 17
VisualStudioVersion = 17.1.32414.318
MinimumVisualStudioVersion = 10.0.40219.1
Project("{FAE04EC0-301F-11D3-BF4B-00C04F79EFBC}") = "CustomSelectableList", "CustomSelectableList\CustomSelectableList.csproj", "{ECEF5419-0AF0-417D-941D-DBED79D1747F}"
EndProject
Global
	GlobalSection(SolutionConfigurationPlatforms) = preSolution
		Debug|Any CPU = Debug|Any CPU
		Release|Any CPU = Release|Any CPU
	EndGlobalSection
	GlobalSection(ProjectConfigurationPlatforms) = postSolution
		{ECEF5419-0AF0-417D-941D-DBED79D1747F}.Debug|Any CPU.ActiveCfg = Debug|Any CPU
		{ECEF5419-0AF0-417D-941D-DBED79D1747F}.Debug|Any CPU.Build.0 = Debug|Any CPU
		{ECEF5419-0AF0-417D-941D-DBED79D1747F}.Release|Any CPU.ActiveCfg = Release|Any CPU
		{ECEF5419-0AF0-417D-941D-DBED79D1747F}.Release|Any CPU.Build.0 = Release|Any CPU
	EndGlobalSection
	GlobalSection(SolutionProperties) = preSolution
		HideSolutionNode = FALSE
	EndGlobalSection
	GlobalSection(ExtensibilityGlobals) = postSolution
		SolutionGuid = {4D31E23A-5165-4473-9FBF-AF2B2BDC7FC6}
	EndGlobalSection
EndGlobal
